github.com/magiconair/properties v1.8.10 h1:s31yESBquKXCV9a/ScB3ESkOjUYYv+X0rg8SYxI99mE=
github.com/magiconair/properties v1.8.10/go.mod h1:Dhd985XPs7jluiymwWYZ0G4Z61jb3vdS329zhj2hYo0=
github.com/pkg/errors v0.9.1 h1:FEBLx1zS214owpjy7qsBeixbURkuhQAwrK5UwLGTwt4=
github.com/pkg/errors v0.9.1/go.mod h1:bwawxfHBFNV+L2hUp1rHADufV3IMtnDRdf1r5NINEl0=
