github.com/AlexStocks/goext v0.3.2 h1:Bn4C+R6/E5Yjk2Uc/voawtbGv91x9aCid92xwYL2AS0=
github.com/AlexStocks/goext v0.3.2/go.mod h1:3M5j9Pjge4CdkNg2WIjRLUeoPedJHHKwkkglDGSl3Hc=
github.com/AlexStocks/log4go v1.0.1 h1:l9WI9yDQs2FSWlvlML7UrbJX6RGDfQQ8VANkx7g+V2A=
github.com/AlexStocks/log4go v1.0.1/go.mod h1:6kCCRo/orDo8mh5CEDOeuSSM674wBQ8M6E0K8dVOIz4=
github.com/davecgh/go-spew v1.1.0/go.mod h1:J7Y8YcW2NihsgmVo/mv3lAwl/skON4iLHjSsI+c5H38=
github.com/davecgh/go-spew v1.1.1 h1:vj9j/u1bqnvCEfJOwUhtlOARqs3+rkHYY13jYWTU97c=
github.com/davecgh/go-spew v1.1.1/go.mod h1:J7Y8YcW2NihsgmVo/mv3lAwl/skON4iLHjSsI+c5H38=
github.com/juju/errors v0.0.0-20190207033735-e65537c515d7 h1:dMIPRDg6gi7CUp0Kj2+HxqJ5kTr1iAdzsXYIrLCNSmU=
github.com/juju/errors v0.0.0-20190207033735-e65537c515d7/go.mod h1:W54LbzXuIE0boCoNJfwqpmkKJ1O4TCTZMetAt6jGk7Q=
github.com/juju/loggo v0.0.0-20190212223446-d976af380377 h1:n6QjW3g5JNY3xPmIjFt6z1H6tFQA6BhwOC2bvTAm1YU=
github.com/juju/loggo v0.0.0-20190212223446-d976af380377/go.mod h1:vgyd7OREkbtVEN/8IXZe5Ooef3LQePvuBm9UWj6ZL8U=
github.com/juju/testing v0.0.0-20180920084828-472a3e8b2073 h1:WQM1NildKThwdP7qWrNAFGzp4ijNLw8RlgENkaI4MJs=
github.com/juju/testing v0.0.0-20180920084828-472a3e8b2073/go.mod h1:63prj8cnj0tU0S9OHjGJn+b1h0ZghCndfnbQolrYTwA=
github.com/k0kubun/colorstring v0.0.0-20150214042306-9440f1994b88 h1:uC1QfSlInpQF+M0ao65imhwqKnz3Q2z/d8PWZRMQvDM=
github.com/k0kubun/colorstring v0.0.0-20150214042306-9440f1994b88/go.mod h1:3w7q1U84EfirKl04SVQ/s7nPm1ZPhiXd34z40TNz36k=
github.com/k0kubun/pp v3.0.0+incompatible h1:I00lq/ALERE8g5dW2th1jnjtJ/J4vautUNyHR3IRj7c=
github.com/k0kubun/pp v3.0.0+incompatible/go.mod h1:GWse8YhT0p8pT4ir3ZgBbfZild3tgzSScAn6HmfYukg=
github.com/mailru/easyjson v0.0.0-20190312143242-1de009706dbe h1:W/GaMY0y69G4cFlmsC6B9sbuo2fP8OFP1ABjt4kPz+w=
github.com/mailru/easyjson v0.0.0-20190312143242-1de009706dbe/go.mod h1:C1wdFJiN94OJF2b5HbByQZoLdCWB1Yqtg26g4irojpc=
github.com/mattn/go-colorable v0.1.1 h1:G1f5SKeVxmagw/IyvzvtZE4Gybcc4Tr1tf7I8z0XgOg=
github.com/mattn/go-colorable v0.1.1/go.mod h1:FuOcm+DKB9mbwrcAfNl7/TZVBZ6rcnceauSikq3lYCQ=
github.com/mattn/go-isatty v0.0.5/go.mod h1:Iq45c/XA43vh69/j3iqttzPXn0bhXyGjM0Hdxcsrc5s=
github.com/mattn/go-isatty v0.0.7 h1:UvyT9uN+3r7yLEYSlJsbQGdsaB/a0DlgWP3pql6iwOc=
github.com/mattn/go-isatty v0.0.7/go.mod h1:Iq45c/XA43vh69/j3iqttzPXn0bhXyGjM0Hdxcsrc5s=
github.com/name5566/leaf v0.0.0-20181103040206-1364c176dfbd h1:22rhYEzttbrnKjgYh5pifnDluXHHcJ3uSOi2l8Nw+9A=
github.com/name5566/leaf v0.0.0-20181103040206-1364c176dfbd/go.mod h1:JrOIxq3vDxvtuEI7Kmm2yqkuBfuT9DMLFMnCyYHLaKM=
github.com/pmezard/go-difflib v1.0.0 h1:4DBwDE0NGyQoBHbLQYPwSUPoCMWR5BEzIk/f1lZbAQM=
github.com/pmezard/go-difflib v1.0.0/go.mod h1:iKH77koFhYxTK1pcRnkKkqfTogsbg7gZNVY4sRDYZ/4=
github.com/samuel/go-zookeeper v0.0.0-20180130194729-c4fab1ac1bec h1:6ncX5ko6B9LntYM0YBRXkiSaZMmLYeZ/NWcmeB43mMY=
github.com/samuel/go-zookeeper v0.0.0-20180130194729-c4fab1ac1bec/go.mod h1:gi+0XIa01GRL2eRQVjQkKGqKF3SF9vZR/HnPullcV2E=
github.com/stretchr/objx v0.1.0/go.mod h1:HFkY916IF+rwdDfMAkV7OtwuqBVzrE8GR6GFx+wExME=
github.com/stretchr/testify v1.3.0 h1:TivCn/peBQ7UY8ooIcPgZFpTNSz0Q2U6UrFlUfqbe0Q=
github.com/stretchr/testify v1.3.0/go.mod h1:M5WIy9Dh21IEIfnGCwXGc5bZfKNJtfHm1UVUgZn+9EI=
golang.org/x/sys v0.0.0-20190222072716-a9d3bda3a223 h1:DH4skfRX4EBpamg7iV4ZlCpblAHI6s6TDM39bFZumv8=
golang.org/x/sys v0.0.0-20190222072716-a9d3bda3a223/go.mod h1:STP8DvDyc/dI5b8T5hshtkjS+E42TnysNCUPdjciGhY=
gopkg.in/check.v1 v0.0.0-20161208181325-20d25e280405 h1:yhCVgyC4o1eVCa2tZl7eS0r+SDo693bJlVdllGtEeKM=
gopkg.in/check.v1 v0.0.0-20161208181325-20d25e280405/go.mod h1:Co6ibVJAznAaIkqp8huTwlJQCZ016jof/cbN4VW5Yz0=
gopkg.in/mgo.v2 v2.0.0-20180705113604-9856a29383ce h1:xcEWjVhvbDy+nHP67nPDDpbYrY+ILlfndk4bRioVHaU=
gopkg.in/mgo.v2 v2.0.0-20180705113604-9856a29383ce/go.mod h1:yeKp02qBN3iKW1OzL3MGk2IdtZzaj7SFntXj72NppTA=
gopkg.in/yaml.v2 v2.2.2 h1:ZCJp+EgiOT7lHqUV2J862kp8Qj64Jo6az82+3Td9dZw=
gopkg.in/yaml.v2 v2.2.2/go.mod h1:hI93XBmqTisBFMUTm0b8Fm+jr3Dg1NNxqwp+5A1VGuI=
