# This file is autogenerated, do not edit; changes may be undone by the next 'dep ensure'.


[[projects]]
  digest = "1:54298c75dcd2eb85f67f4a978e8c69ab5a6becf35fd1433e1d10f601d4dbecf6"
  name = "github.com/AlexStocks/getty"
  packages = ["."]
  pruneopts = "UT"
  revision = "724bc6d73e1f9ff39df1aad8cc4288a3ce07a529"
  version = "v1.0.3"

[[projects]]
  digest = "1:fca75c6bdad8f076347c6c2a445bdab87c6b25e150fcaf7c79188f47a88ca83c"
  name = "github.com/AlexStocks/goext"
  packages = [
    "container/deque",
    "container/xorlist",
    "context",
    "log",
    "net",
    "os",
    "strings",
    "sync",
    "sync/atomic",
    "time",
  ]
  pruneopts = "UT"
  revision = "65da9f24c77737361cf831a15336dd1f4b9ae7aa"
  version = "v0.3.2"

[[projects]]
  digest = "1:57ccc793b43b4a879466f8014d68e765d8b6c511d3c27df188e39a8cd2c67a9e"
  name = "github.com/AlexStocks/log4go"
  packages = ["."]
  pruneopts = "UT"
  revision = "3dfeb83f4fdaa2545e68e1ea7d770edb6254b052"
  version = "v1.0.1"

[[projects]]
  digest = "1:ffe9824d294da03b391f44e1ae8281281b4afc1bdaa9588c9097785e3af10cec"
  name = "github.com/davecgh/go-spew"
  packages = ["spew"]
  pruneopts = "UT"
  revision = "8991bc29aa16c548c550c7ff78260e27b9ab7c73"
  version = "v1.1.1"

[[projects]]
  branch = "master"
  digest = "1:eabef29004b9299aea69a41c36beb076d386173467925392a3b2147c7c3b2db2"
  name = "github.com/dubbogo/hessian2"
  packages = ["."]
  pruneopts = "UT"
  revision = "31e65444f164373180705c5080c74962b86e5c8c"

[[projects]]
  digest = "1:e4f5819333ac698d294fe04dbf640f84719658d5c7ce195b10060cc37292ce79"
  name = "github.com/golang/snappy"
  packages = ["."]
  pruneopts = "UT"
  revision = "2a8bb927dd31d8daada140a5d09578521ce5c36a"
  version = "v0.0.1"

[[projects]]
  digest = "1:7b5c6e2eeaa9ae5907c391a91c132abfd5c9e8a784a341b5625e750c67e6825d"
  name = "github.com/gorilla/websocket"
  packages = ["."]
  pruneopts = "UT"
  revision = "66b9c49e59c6c48f0ffce28c2d8b8a5678502c6d"
  version = "v1.4.0"

[[projects]]
  branch = "master"
  digest = "1:60835a4fa946b3c4b595438a07d447305ed4fc9ce95a7a5d0c06ffeea490d5a9"
  name = "github.com/juju/errors"
  packages = ["."]
  pruneopts = "UT"
  revision = "e65537c515d77e35697c471d6c2755375cb3adc4"

[[projects]]
  digest = "1:3569ef9147aa8c258a306facf2f62eaff98ee7a1acd52579b4bf9632f001386b"
  name = "github.com/k0kubun/pp"
  packages = ["."]
  pruneopts = "UT"
  revision = "1fdb803f401223aa9a9b7df66b7444d304f50bb0"
  version = "v3.0.0"

[[projects]]
  branch = "master"
  digest = "1:b8774f0cf1c719f5253e92f1fc7880b4186046064c3c23ead99ab568028a6510"
  name = "github.com/mailru/easyjson"
  packages = [
    ".",
    "buffer",
    "jlexer",
    "jwriter",
  ]
  pruneopts = "UT"
  revision = "1de009706dbeb9d05f18586f0735fcdb7c524481"

[[projects]]
  digest = "1:2fa7b0155cd54479a755c629de26f888a918e13f8857a2c442205d825368e084"
  name = "github.com/mattn/go-colorable"
  packages = ["."]
  pruneopts = "UT"
  revision = "3a70a971f94a22f2fa562ffcc7a0eb45f5daf045"
  version = "v0.1.1"

[[projects]]
  digest = "1:e150b5fafbd7607e2d638e4e5cf43aa4100124e5593385147b0a74e2733d8b0d"
  name = "github.com/mattn/go-isatty"
  packages = ["."]
  pruneopts = "UT"
  revision = "c2a7a6ca930a4cd0bc33a3f298eb71960732a3a7"
  version = "v0.0.7"

[[projects]]
  branch = "master"
  digest = "1:4d92d3bcd412de705100c10f0428a0b63b12f3d12455ebae46e9ea384c23b333"
  name = "github.com/samuel/go-zookeeper"
  packages = ["zk"]
  pruneopts = "UT"
  revision = "c4fab1ac1bec58281ad0667dc3f0907a9476ac47"

[[projects]]
  branch = "master"
  digest = "1:433ecd67c12cd2ebf2aaadfa9ff7ebadf400d3a31351078d902c12f1e0f6c2e5"
  name = "golang.org/x/net"
  packages = [
    "bpf",
    "internal/iana",
    "internal/socket",
    "ipv4",
    "ipv6",
  ]
  pruneopts = "UT"
  revision = "addf6b3196f61cd44ce5a76657913698c73479d0"

[[projects]]
  branch = "master"
  digest = "1:5637b3b43405643229e55140bb3049dfa7d73957ba9ecfccc31cdadbfbe0b1f9"
  name = "golang.org/x/sys"
  packages = ["unix"]
  pruneopts = "UT"
  revision = "f49334f85ddcf0f08d7fb6dd7363e9e6d6b777eb"

[[projects]]
  digest = "1:4d2e5a73dc1500038e504a8d78b986630e3626dc027bc030ba5c75da257cdb96"
  name = "gopkg.in/yaml.v2"
  packages = ["."]
  pruneopts = "UT"
  revision = "51d6538a90f86fe93ac480b35f37b2be17fef232"
  version = "v2.2.2"

[solve-meta]
  analyzer-name = "dep"
  analyzer-version = 1
  input-imports = [
    "github.com/AlexStocks/getty",
    "github.com/AlexStocks/goext/context",
    "github.com/AlexStocks/goext/log",
    "github.com/AlexStocks/goext/net",
    "github.com/AlexStocks/goext/sync/atomic",
    "github.com/AlexStocks/goext/time",
    "github.com/AlexStocks/log4go",
    "github.com/dubbogo/hessian2",
    "github.com/golang/snappy",
    "github.com/gorilla/websocket",
    "github.com/juju/errors",
    "github.com/samuel/go-zookeeper/zk",
    "golang.org/x/net/ipv4",
    "golang.org/x/net/ipv6",
    "gopkg.in/yaml.v2",
  ]
  solver-name = "gps-cdcl"
  solver-version = 1
