github.com/bahlo/generic-list-go v0.2.0 h1:5sz/EEAK+ls5wF+NeqDpk5+iNdMDXrh3z3nPnH1Wvgk=
github.com/bahlo/generic-list-go v0.2.0/go.mod h1:2KvAjgMlE5NNynlg/5iLrrCCZ2+5xWbdbCW3pNTGyYg=
github.com/buger/jsonparser v1.6.1 h1:I0phFv0PlbLHnM7TZAVjZ2MJ2/eWRTDyuO7GLR98IEs=
github.com/buger/jsonparser v1.6.1/go.mod h1:6RYKKt7H4d4+iWqouImQ9R2FZql3VbhNgx27UK13J/0=
github.com/davecgh/go-spew v1.1.2-0.20180830191138-d8f796af33cc h1:U9qPSI2PIWSS1VwoXQT9A3Wy9MM3WgvqSxFWenqJduM=
github.com/davecgh/go-spew v1.1.2-0.20180830191138-d8f796af33cc/go.mod h1:J7Y8YcW2NihsgmVo/mv3lAwl/skON4iLHjSsI+c5H38=
github.com/google/go-cmp v0.7.0 h1:wk8382ETsv4JYUZwIsn6YpYiWiBsYLSJiTsyBybVuN8=
github.com/google/go-cmp v0.7.0/go.mod h1:pXiqmnSA92OHEEa9HXL2W4E7lf9JzCmGVUdgjX3N/iU=
github.com/grpc-ecosystem/grpc-gateway/v2 v2.16.0 h1:YBftPWNWd4WwGqtY2yeZL2ef8rHAxPBD8KFhJpmcqms=
github.com/grpc-ecosystem/grpc-gateway/v2 v2.16.0/go.mod h1:YN5jB8ie0yfIUg6VvR9Kz84aCaG7AsGZnLjhHbUqwPg=
github.com/pb33f/jsonpath v0.8.3 h1:gdOUYn31vic8iRSSR4I2SEv7UQf2WxLeDcUnDPpGZNE=
github.com/pb33f/jsonpath v0.8.3/go.mod h1:zBV5LJW4OQOPatmQE2QdKpGQJvhDTlE5IEj6ASaRNTo=
github.com/pb33f/libopenapi v0.38.7 h1:Q2jfgRPdnU38WW8wQvrX2HEPGiqsxj01PX1BHmAEihc=
github.com/pb33f/libopenapi v0.38.7/go.mod h1:naZ03Auhn7i+RJtMv8ck8l7Ag8E2/x2w66j9vsDFL38=
github.com/pb33f/ordered-map/v2 v2.3.1 h1:5319HDO0aw4DA4gzi+zv4FXU9UlSs3xGZ40wcP1nBjY=
github.com/pb33f/ordered-map/v2 v2.3.1/go.mod h1:qxFQgd0PkVUtOMCkTapqotNgzRhMPL7VvaHKbd1HnmQ=
github.com/pb33f/testify v0.1.0 h1:g48/HDU/jn2COspS4nM0scptxiKTJ4DnbX/4ehK6IZ8=
github.com/pb33f/testify v0.1.0/go.mod h1:nq283P/jJ8hXMmdhAqfj7BJIz0y+6IOHj9q0044rKt4=
github.com/pmezard/go-difflib v1.0.1-0.20181226105442-5d4384ee4fb2 h1:Jamvg5psRIccs7FGNTlIRMkT8wgtp5eCXdBlqhYGL6U=
github.com/pmezard/go-difflib v1.0.1-0.20181226105442-5d4384ee4fb2/go.mod h1:iKH77koFhYxTK1pcRnkKkqfTogsbg7gZNVY4sRDYZ/4=
github.com/stretchr/testify v1.11.1 h1:7s2iGBzp5EwR7/aIZr8ao5+dra3wiQyKjjFuvgVKu7U=
github.com/stretchr/testify v1.11.1/go.mod h1:wZwfW3scLgRK+23gO65QZefKpKQRnfz6sD981Nm4B6U=
go.yaml.in/yaml/v4 v4.0.0-rc.6 h1:1h7H1ohdUh93/FyE4YaDa1Zh64K6VVbjF4K6WUxMtH4=
go.yaml.in/yaml/v4 v4.0.0-rc.6/go.mod h1:aZqd9kCMsGL7AuUv/m/PvWLdg5sjJsZ4oHDEnfPPfY0=
golang.org/x/net v0.48.0 h1:zyQRTTrjc33Lhh0fBgT/H3oZq9WuvRR5gPC70xpDiQU=
golang.org/x/net v0.48.0/go.mod h1:+ndRgGjkh8FGtu1w1FGbEC31if4VrNVMuKTgcAAnQRY=
golang.org/x/sync v0.22.0 h1:SZjpbeLmrCk4xhRSZFNZW5gFUeCeFgjekvI/+gfScek=
golang.org/x/sync v0.22.0/go.mod h1:9xrNwdLfx4jkKbNva9FpL6vEN7evnE43NNNJQ2LF3+0=
golang.org/x/sys v0.39.0 h1:CvCKL8MeisomCi6qNZ+wbb0DN9E5AATixKsvNtMoMFk=
golang.org/x/sys v0.39.0/go.mod h1:OgkHotnGiDImocRcuBABYBEXf8A9a87e/uXjp9XT3ks=
golang.org/x/text v0.32.0 h1:ZD01bjUt1FQ9WJ0ClOL5vxgxOI/sVCNgX1YtKwcY0mU=
golang.org/x/text v0.32.0/go.mod h1:o/rUWzghvpD5TXrTIBuJU77MTaN0ljMWE47kxGJQ7jY=
google.golang.org/genproto v0.0.0-20230526203410-71b5a4ffd15e h1:Ao9GzfUMPH3zjVfzXG5rlWlk+Q8MXWKwWpwVQE1MXfw=
google.golang.org/genproto/googleapis/api v0.0.0-20260526163538-3dc84a4a5aaa h1:Kjn0N0tCrDgiAFW+lGO4JZ3ck44CehvJQMAwj9QF0G8=
google.golang.org/genproto/googleapis/api v0.0.0-20260526163538-3dc84a4a5aaa/go.mod h1:q4lMZS6kskjT5HvCPrnnypcDPVJqT/f4nfxmkE7gryY=
google.golang.org/genproto/googleapis/rpc v0.0.0-20260523011958-0a33c5d7ca68 h1:PvEgGJf9C/1u5CHkInMg7UFYYUoiaQmW2LbtH0pjB78=
google.golang.org/genproto/googleapis/rpc v0.0.0-20260523011958-0a33c5d7ca68/go.mod h1:4Hqkh8ycfw05ld/3BWL7rJOSfebL2Q+DVDeRgYgxUU8=
google.golang.org/grpc v1.79.3 h1:sybAEdRIEtvcD68Gx7dmnwjZKlyfuc61Dyo9pGXXkKE=
google.golang.org/grpc v1.79.3/go.mod h1:KmT0Kjez+0dde/v2j9vzwoAScgEPx/Bw1CYChhHLrHQ=
google.golang.org/protobuf v1.36.11 h1:fV6ZwhNocDyBLK0dj+fg8ektcVegBBuEolpbTQyBNVE=
google.golang.org/protobuf v1.36.11/go.mod h1:HTf+CrKn2C3g5S8VImy6tdcUvCska2kB7j23XfzDpco=
gopkg.in/yaml.v3 v3.0.1 h1:fxVm/GzAzEWqLHuvctI91KS9hhNmmWOoWu0XTYJS7CA=
gopkg.in/yaml.v3 v3.0.1/go.mod h1:K4uyk7z7BCEPqu6E+C64Yfv1cQ7kz7rIZviUmN+EgEM=
