github.com/LaurenceLiZhixin/gost v1.9.6 h1:EceDptmhvgkgj9IILoTuQxAdb1zP/gQRW4FfyH6OODA=
github.com/LaurenceLiZhixin/gost v1.9.8 h1:VPPXIZ4ylic8ARnizPGpSa56UgAIPNMnaRrIiD3UKXI=
github.com/LaurenceLiZhixin/json-interface-parser v0.0.0-20201026115035-e5b01058601f h1:c90ZYRHVlFi8Aj1KRRFI9sCT0DCETIi5FRDnIFA5hnw=
github.com/LaurenceLiZhixin/json-interface-parser v0.0.0-20201026115035-e5b01058601f/go.mod h1:yg2osnKrQzem36qLj76dkKwUJ3kA/4n3HT5KBP0fbts=
github.com/LaurenceLiZhixin/json-interface-parser v1.0.0 h1:Fp9oOCU5PpcIkJTrkL/UBaHqyGiMNo9Afzj/RK5sNNY=
github.com/LaurenceLiZhixin/json-interface-parser v1.0.0/go.mod h1:RsBCa3XcOJrZZW53oapt+kCrJSspPjnL/BRaO4dgePk=
github.com/LaurenceLiZhixin/json-interface-parser v1.0.1 h1:TaOM0NU8SvjZmMjMI0ZOmouA79p7rtOxzJWqcUh6/Io=
github.com/LaurenceLiZhixin/json-interface-parser v1.0.1/go.mod h1:EHNz266pzyRpgnfCUCEVNvnakrMBtG3Z/nD7uulKR9Q=
github.com/StackExchange/wmi v0.0.0-20190523213315-cbe66965904d/go.mod h1:3eOhrUMpNV+6aFIbp5/iudMxNCF27Vw2OZgy4xEx0Fg=
github.com/apache/dubbo-go-hessian2 v1.2.5-0.20201127003856-07e93979195d/go.mod h1:7rEw9guWABQa6Aqb8HeZcsYPHsOS7XT1qtJvkmI6c5w=
github.com/apache/dubbo-go-hessian2 v1.6.1-0.20201127003856-07e93979195d h1:oTTnZ0pYQCeqwxjBitAl3i6CGa/DPP+GJR83uu4ccVk=
github.com/apache/dubbo-go-hessian2 v1.6.1-0.20201127003856-07e93979195d/go.mod h1:7rEw9guWABQa6Aqb8HeZcsYPHsOS7XT1qtJvkmI6c5w=
github.com/apache/dubbo-go-hessian2 v1.7.0 h1:u2XxIuepu/zb6JcGZc7EbvKboXdKoJbf7rbmeq6SF1w=
github.com/apache/dubbo-go-hessian2 v1.7.0/go.mod h1:7rEw9guWABQa6Aqb8HeZcsYPHsOS7XT1qtJvkmI6c5w=
github.com/apache/dubbo-go-hessian2 v1.8.0-rc1 h1:IJyHFLhJrNE5VdKtN6/0n7rJqCjHraHuORcHkZhwQyQ=
github.com/apache/dubbo-go-hessian2 v1.8.0-rc1/go.mod h1:7rEw9guWABQa6Aqb8HeZcsYPHsOS7XT1qtJvkmI6c5w=
github.com/apache/dubbo-go-hessian2 v1.8.0 h1:+GJQHxWd/WUw2p4hbfCal/zjKvGVb8yJZzOke8IEazc=
github.com/apache/dubbo-go-hessian2 v1.8.0/go.mod h1:7rEw9guWABQa6Aqb8HeZcsYPHsOS7XT1qtJvkmI6c5w=
github.com/buger/jsonparser v1.0.0 h1:etJTGF5ESxjI0Ic2UaLQs2LQQpa8G9ykQScukbh4L8A=
github.com/buger/jsonparser v1.0.0/go.mod h1:tgcrVJ81GPSF0mz+0nu1Xaz0fazGPrmmJfJtxjbHhUQ=
github.com/davecgh/go-spew v1.1.0/go.mod h1:J7Y8YcW2NihsgmVo/mv3lAwl/skON4iLHjSsI+c5H38=
github.com/davecgh/go-spew v1.1.1/go.mod h1:J7Y8YcW2NihsgmVo/mv3lAwl/skON4iLHjSsI+c5H38=
github.com/dubbogo/gost v1.9.0 h1:UT+dWwvLyJiDotxJERO75jB3Yxgsdy10KztR5ycxRAk=
github.com/dubbogo/gost v1.9.0/go.mod h1:pPTjVyoJan3aPxBPNUX0ADkXjPibLo+/Ib0/fADXSG8=
github.com/dubbogo/gost v1.9.9 h1:fOZU5fSpZI3ZBZKTLPmTXtAfPoAdp7H8TcnCSUiIRkc=
github.com/dubbogo/gost v1.9.9/go.mod h1:+mQGS51XQEUWZP2JeGZTxJwipjRKtJO7Tr+FOg+72rI=
github.com/dubbogo/gost v1.10.0 h1:LGZlrNAICZzPXAXU/t3gwnV4gxW2CcXvbjfx28G5164=
github.com/dubbogo/gost v1.10.0/go.mod h1:+mQGS51XQEUWZP2JeGZTxJwipjRKtJO7Tr+FOg+72rI=
github.com/dubbogo/jsonparser v1.0.1 h1:sAIr8gk+gkahkIm6CnUxh9wTCkbgwLEQ8dTXTnAXyzo=
github.com/dubbogo/jsonparser v1.0.1/go.mod h1:tYAtpctvSP/tWw4MeelsowSPgXQRVHHWbqL6ynps8jU=
github.com/go-ole/go-ole v1.2.4/go.mod h1:XCwSNxSkXRo4vlyPy93sltvi/qJq0jqQhjqQNIwKuxM=
github.com/k0kubun/colorstring v0.0.0-20150214042306-9440f1994b88/go.mod h1:3w7q1U84EfirKl04SVQ/s7nPm1ZPhiXd34z40TNz36k=
github.com/k0kubun/pp v3.0.1+incompatible/go.mod h1:GWse8YhT0p8pT4ir3ZgBbfZild3tgzSScAn6HmfYukg=
github.com/mattn/go-colorable v0.1.7/go.mod h1:u6P/XSegPjTcexA+o6vUJrdnUu04hMope9wVRipJSqc=
github.com/mattn/go-isatty v0.0.12/go.mod h1:cbi8OIDigv2wuxKPP5vlRcQ1OAZbq2CE4Kysco4FUpU=
github.com/pkg/errors v0.8.1/go.mod h1:bwawxfHBFNV+L2hUp1rHADufV3IMtnDRdf1r5NINEl0=
github.com/pkg/errors v0.9.1 h1:FEBLx1zS214owpjy7qsBeixbURkuhQAwrK5UwLGTwt4=
github.com/pkg/errors v0.9.1/go.mod h1:bwawxfHBFNV+L2hUp1rHADufV3IMtnDRdf1r5NINEl0=
github.com/pmezard/go-difflib v1.0.0/go.mod h1:iKH77koFhYxTK1pcRnkKkqfTogsbg7gZNVY4sRDYZ/4=
github.com/shirou/gopsutil v3.20.11-0.20201116082039-2fb5da2f2449+incompatible/go.mod h1:5b4v6he4MtMOwMlS0TUMTu2PcXUg8+E1lC7eC3UO/RA=
github.com/stretchr/objx v0.1.0/go.mod h1:HFkY916IF+rwdDfMAkV7OtwuqBVzrE8GR6GFx+wExME=
github.com/stretchr/testify v1.3.0/go.mod h1:M5WIy9Dh21IEIfnGCwXGc5bZfKNJtfHm1UVUgZn+9EI=
github.com/stretchr/testify v1.4.0/go.mod h1:j7eGeouHqKxXV5pUuKE4zz7dFj8WfuZ+81PSLYec5m4=
github.com/stretchr/testify v1.6.1/go.mod h1:6Fq8oRcR53rry900zMqJjRRixrwX3KX962/h/Wwjteg=
go.uber.org/atomic v1.7.0 h1:ADUqmZGgLDDfbSL9ZmPxKTybcoEYHgpYfELNoN+7hsw=
go.uber.org/atomic v1.7.0/go.mod h1:fEN4uk6kAWBTFdckzkM89CLk9XfWZrxpCo0nPH17wJc=
golang.org/x/sys v0.0.0-20200116001909-b77594299b42/go.mod h1:h1NjWce9XRLGQEsW7wpKNCjG9DtNlClVuFLEZdDNbEs=
golang.org/x/sys v0.0.0-20200223170610-d5e6a3e2c0ae/go.mod h1:h1NjWce9XRLGQEsW7wpKNCjG9DtNlClVuFLEZdDNbEs=
gopkg.in/check.v1 v0.0.0-20161208181325-20d25e280405/go.mod h1:Co6ibVJAznAaIkqp8huTwlJQCZ016jof/cbN4VW5Yz0=
gopkg.in/yaml.v2 v2.2.2/go.mod h1:hI93XBmqTisBFMUTm0b8Fm+jr3Dg1NNxqwp+5A1VGuI=
gopkg.in/yaml.v3 v3.0.0-20200313102051-9f266ea9e77c/go.mod h1:K4uyk7z7BCEPqu6E+C64Yfv1cQ7kz7rIZviUmN+EgEM=
