github.com/LaurenceLiZhixin/dubbo-go-hessian2 v1.7.1 h1:6K4tVAb4Je3yPQlSocsUPYcvOVX7iljlXaxgI1OwTjc=
github.com/LaurenceLiZhixin/dubbo-go-hessian2 v1.7.1/go.mod h1:/e2CHYUlackFzP9rqYdQcaVJRaqRYFJz90jap5WfUeE=
github.com/LaurenceLiZhixin/dubbo-go-hessian2 v1.7.2 h1:0lpEXT7zLWbWuqhrSPKZvtJ7nRfHzxg+dL4DI4dvmEQ=
github.com/LaurenceLiZhixin/dubbo-go-hessian2 v1.7.2/go.mod h1:/e2CHYUlackFzP9rqYdQcaVJRaqRYFJz90jap5WfUeE=
github.com/LaurenceLiZhixin/dubbo-go-hessian2 v1.7.3 h1:j2WAG6LPvsBmAqItsKxbwDNjlNqAeKzTQLQJlb9AXuw=
github.com/LaurenceLiZhixin/dubbo-go-hessian2 v1.7.3/go.mod h1:/e2CHYUlackFzP9rqYdQcaVJRaqRYFJz90jap5WfUeE=
github.com/LaurenceLiZhixin/json-interface-parser v0.0.0-20201026081739-d732afe9402e h1:eyeGO8lZ1m1xV+n3a/BZjZbjKm6atRsaOYT5WHfOxsg=
github.com/LaurenceLiZhixin/json-interface-parser v0.0.0-20201026081739-d732afe9402e/go.mod h1:yg2osnKrQzem36qLj76dkKwUJ3kA/4n3HT5KBP0fbts=
github.com/LaurenceLiZhixin/json-interface-parser v0.0.0-20201026115035-e5b01058601f h1:c90ZYRHVlFi8Aj1KRRFI9sCT0DCETIi5FRDnIFA5hnw=
github.com/LaurenceLiZhixin/json-interface-parser v0.0.0-20201026115035-e5b01058601f/go.mod h1:yg2osnKrQzem36qLj76dkKwUJ3kA/4n3HT5KBP0fbts=
github.com/apache/dubbo-go-hessian2 v1.7.0 h1:u2XxIuepu/zb6JcGZc7EbvKboXdKoJbf7rbmeq6SF1w=
github.com/apache/dubbo-go-hessian2 v1.7.0/go.mod h1:7rEw9guWABQa6Aqb8HeZcsYPHsOS7XT1qtJvkmI6c5w=
github.com/buger/jsonparser v1.0.0 h1:etJTGF5ESxjI0Ic2UaLQs2LQQpa8G9ykQScukbh4L8A=
github.com/buger/jsonparser v1.0.0/go.mod h1:tgcrVJ81GPSF0mz+0nu1Xaz0fazGPrmmJfJtxjbHhUQ=
github.com/davecgh/go-spew v1.1.0/go.mod h1:J7Y8YcW2NihsgmVo/mv3lAwl/skON4iLHjSsI+c5H38=
github.com/davecgh/go-spew v1.1.1 h1:vj9j/u1bqnvCEfJOwUhtlOARqs3+rkHYY13jYWTU97c=
github.com/davecgh/go-spew v1.1.1/go.mod h1:J7Y8YcW2NihsgmVo/mv3lAwl/skON4iLHjSsI+c5H38=
github.com/dubbogo/gost v1.9.0/go.mod h1:pPTjVyoJan3aPxBPNUX0ADkXjPibLo+/Ib0/fADXSG8=
github.com/dubbogo/gost v1.9.1 h1:0/PPFo13zPbjt4Ia0zYWMFi3C6rAe9X7O1J2Iv+BHNM=
github.com/dubbogo/gost v1.9.1/go.mod h1:pPTjVyoJan3aPxBPNUX0ADkXjPibLo+/Ib0/fADXSG8=
github.com/kr/pretty v0.2.0 h1:s5hAObm+yFO5uHYt5dYjxi2rXrsnmRpJx4OYvIWUaQs=
github.com/kr/pretty v0.2.0/go.mod h1:ipq/a2n7PKx3OHsz4KJII5eveXtPO4qwEXGdVfWzfnI=
github.com/kr/pty v1.1.1/go.mod h1:pFQYn66WHrOpPYNljwOMqo10TkYh1fy3cYio2l3bCsQ=
github.com/kr/text v0.1.0 h1:45sCR5RtlFHMR4UwH9sdQ5TC8v0qDQCHnXt+kaKSTVE=
github.com/kr/text v0.1.0/go.mod h1:4Jbv+DJW3UT/LiOwJeYQe1efqtUx/iVham/4vfdArNI=
github.com/pkg/errors v0.8.1/go.mod h1:bwawxfHBFNV+L2hUp1rHADufV3IMtnDRdf1r5NINEl0=
github.com/pkg/errors v0.9.1 h1:FEBLx1zS214owpjy7qsBeixbURkuhQAwrK5UwLGTwt4=
github.com/pkg/errors v0.9.1/go.mod h1:bwawxfHBFNV+L2hUp1rHADufV3IMtnDRdf1r5NINEl0=
github.com/pmezard/go-difflib v1.0.0 h1:4DBwDE0NGyQoBHbLQYPwSUPoCMWR5BEzIk/f1lZbAQM=
github.com/pmezard/go-difflib v1.0.0/go.mod h1:iKH77koFhYxTK1pcRnkKkqfTogsbg7gZNVY4sRDYZ/4=
github.com/stretchr/objx v0.1.0/go.mod h1:HFkY916IF+rwdDfMAkV7OtwuqBVzrE8GR6GFx+wExME=
github.com/stretchr/testify v1.3.0/go.mod h1:M5WIy9Dh21IEIfnGCwXGc5bZfKNJtfHm1UVUgZn+9EI=
github.com/stretchr/testify v1.4.0/go.mod h1:j7eGeouHqKxXV5pUuKE4zz7dFj8WfuZ+81PSLYec5m4=
github.com/stretchr/testify v1.5.1 h1:nOGnQDM7FYENwehXlg/kFVnos3rEvtKTjRvOWSzb6H4=
github.com/stretchr/testify v1.5.1/go.mod h1:5W2xD1RspED5o8YsWQXVCued0rvSQ+mT+I5cxcmMvtA=
go.uber.org/atomic v1.6.0 h1:Ezj3JGmsOnG1MoRWQkPBsKLe9DwWD9QeXzTRzzldNVk=
go.uber.org/atomic v1.6.0/go.mod h1:sABNBOSYdrvTF6hTgEIbc7YasKWGhgEQZyfxyTvoXHQ=
golang.org/x/crypto v0.0.0-20190308221718-c2843e01d9a2/go.mod h1:djNgcEr1/C05ACkg1iLfiJU5Ep61QUkGW8qpdssI0+w=
golang.org/x/lint v0.0.0-20190930215403-16217165b5de h1:5hukYrvBGR8/eNkX5mdUezrA6JiaEZDtJb9Ei+1LlBs=
golang.org/x/lint v0.0.0-20190930215403-16217165b5de/go.mod h1:6SW0HCj/g11FgYtHlgUYUwCkIfeOF89ocIRzGO/8vkc=
golang.org/x/net v0.0.0-20190311183353-d8887717615a/go.mod h1:t9HGtf8HONx5eT2rtn7q6eTqICYqUVnKs3thJo3Qplg=
golang.org/x/net v0.0.0-20190620200207-3b0461eec859/go.mod h1:z5CRVTTTmAJ677TzLLGU+0bjPO0LkuOLi4/5GtJWs/s=
golang.org/x/sync v0.0.0-20190423024810-112230192c58/go.mod h1:RxMgew5VJxzue5/jJTE5uejpjVlOe/izrB70Jof72aM=
golang.org/x/sys v0.0.0-20190215142949-d0b11bdaac8a/go.mod h1:STP8DvDyc/dI5b8T5hshtkjS+E42TnysNCUPdjciGhY=
golang.org/x/text v0.3.0/go.mod h1:NqM8EUOU14njkJ3fqMW+pc6Ldnwhi/IjpwHt7yyuwOQ=
golang.org/x/tools v0.0.0-20190311212946-11955173bddd/go.mod h1:LCzVGOaR6xXOjkQ3onu1FJEFr0SW1gC7cKk1uF8kGRs=
golang.org/x/tools v0.0.0-20191029041327-9cc4af7d6b2c/go.mod h1:b+2E5dAYhXwXZwtnZ6UAqBI28+e2cm9otk0dWdXHAEo=
golang.org/x/tools v0.0.0-20191112195655-aa38f8e97acc h1:NCy3Ohtk6Iny5V/reW2Ktypo4zIpWBdRJ1uFMjBxdg8=
golang.org/x/tools v0.0.0-20191112195655-aa38f8e97acc/go.mod h1:b+2E5dAYhXwXZwtnZ6UAqBI28+e2cm9otk0dWdXHAEo=
golang.org/x/xerrors v0.0.0-20190717185122-a985d3407aa7/go.mod h1:I/5z698sn9Ka8TeJc9MKroUUfqBBauWjQqLJ2OPfmY0=
gopkg.in/check.v1 v0.0.0-20161208181325-20d25e280405/go.mod h1:Co6ibVJAznAaIkqp8huTwlJQCZ016jof/cbN4VW5Yz0=
gopkg.in/check.v1 v1.0.0-20190902080502-41f04d3bba15 h1:YR8cESwS4TdDjEe65xsg0ogRM/Nc3DYOhEAlW+xobZo=
gopkg.in/check.v1 v1.0.0-20190902080502-41f04d3bba15/go.mod h1:Co6ibVJAznAaIkqp8huTwlJQCZ016jof/cbN4VW5Yz0=
gopkg.in/yaml.v2 v2.2.2/go.mod h1:hI93XBmqTisBFMUTm0b8Fm+jr3Dg1NNxqwp+5A1VGuI=
gopkg.in/yaml.v2 v2.2.8 h1:obN1ZagJSUGI0Ek/LBmuj4SNLPfIny3KsKFopxRdj10=
gopkg.in/yaml.v2 v2.2.8/go.mod h1:hI93XBmqTisBFMUTm0b8Fm+jr3Dg1NNxqwp+5A1VGuI=
